
Microsoft Visual Studio Solution File, Format Version 12.00
# Visual Studio Version 17
VisualStudioVersion = 17.11.35312.102
MinimumVisualStudioVersion = 10.0.40219.1
Project("{FAE04EC0-301F-11D3-BF4B-00C04F79EFBC}") = "Homework11", "Homework11.csproj", "{BEC09FDE-5183-422D-86E7-307BD0934FF5}"
EndProject
Global
	GlobalSection(SolutionConfigurationPlatforms) = preSolution
		Debug|Any CPU = Debug|Any CPU
		Release|Any CPU = Release|Any CPU
	EndGlobalSection
	GlobalSection(ProjectConfigurationPlatforms) = postSolution
		{BEC09FDE-5183-422D-86E7-307BD0934FF5}.Debug|Any CPU.ActiveCfg = Debug|Any CPU
		{BEC09FDE-5183-422D-86E7-307BD0934FF5}.Debug|Any CPU.Build.0 = Debug|Any CPU
		{BEC09FDE-5183-422D-86E7-307BD0934FF5}.Release|Any CPU.ActiveCfg = Release|Any CPU
		{BEC09FDE-5183-422D-86E7-307BD0934FF5}.Release|Any CPU.Build.0 = Release|Any CPU
	EndGlobalSection
	GlobalSection(SolutionProperties) = preSolution
		HideSolutionNode = FALSE
	EndGlobalSection
	GlobalSection(ExtensibilityGlobals) = postSolution
		SolutionGuid = {2E54EC43-31BD-44B9-B53B-FBF2BADE6D21}
	EndGlobalSection
EndGlobal
